{
  "originHash" : "dab88b11e72284b325cdcf8c9f497c4292569dbc29cf275e4d9e674e51887ddd",
  "pins" : [
    {
      "identity" : "spm",
      "kind" : "remoteSourceControl",
      "location" : "https://github.com/ios-3ds-sdk/SPM.git",
      "state" : {
        "revision" : "bf1c56bc9722ea15078f855445c7d66e6e5b7128",
        "version" : "2.5.32"
      }
    }
  ],
  "version" : 3
}
