{
  "originHash" : "d0f40a25e31746a39b3945353beba95b68b3e502a59f689c285cf8b5267b4dc1",
  "pins" : [
    {
      "identity" : "spm",
      "kind" : "remoteSourceControl",
      "location" : "https://github.com/ios-3ds-sdk/SPM.git",
      "state" : {
        "revision" : "421449969baa6ef80c33fd077c217f724ccfd348",
        "version" : "2.5.30"
      }
    }
  ],
  "version" : 3
}
